
Microsoft Visual Studio Solution File, Format Version 12.00
# Visual Studio Version 16
VisualStudioVersion = 16.0.30907.101
MinimumVisualStudioVersion = 10.0.40219.1
Project("{9A19103F-16F7-4668-BE54-9A1E7A4F7556}") = "PROYECTOED1_DiegoRamirez_DanielElias", "PROYECTOED1_DiegoRamirez_DanielElias\PROYECTOED1_DiegoRamirez_DanielElias.csproj", "{3059C712-7CED-4D86-8562-56541806B5D3}"
EndProject
Project("{9A19103F-16F7-4668-BE54-9A1E7A4F7556}") = "LibreriaProyecto", "LibreriaProyecto\LibreriaProyecto.csproj", "{B2848EFE-7D7A-43F0-93D8-8FA3CA48F11F}"
EndProject
Global
	GlobalSection(SolutionConfigurationPlatforms) = preSolution
		Debug|Any CPU = Debug|Any CPU
		Release|Any CPU = Release|Any CPU
	EndGlobalSection
	GlobalSection(ProjectConfigurationPlatforms) = postSolution
		{3059C712-7CED-4D86-8562-56541806B5D3}.Debug|Any CPU.ActiveCfg = Debug|Any CPU
		{3059C712-7CED-4D86-8562-56541806B5D3}.Debug|Any CPU.Build.0 = Debug|Any CPU
		{3059C712-7CED-4D86-8562-56541806B5D3}.Release|Any CPU.ActiveCfg = Release|Any CPU
		{3059C712-7CED-4D86-8562-56541806B5D3}.Release|Any CPU.Build.0 = Release|Any CPU
		{B2848EFE-7D7A-43F0-93D8-8FA3CA48F11F}.Debug|Any CPU.ActiveCfg = Debug|Any CPU
		{B2848EFE-7D7A-43F0-93D8-8FA3CA48F11F}.Debug|Any CPU.Build.0 = Debug|Any CPU
		{B2848EFE-7D7A-43F0-93D8-8FA3CA48F11F}.Release|Any CPU.ActiveCfg = Release|Any CPU
		{B2848EFE-7D7A-43F0-93D8-8FA3CA48F11F}.Release|Any CPU.Build.0 = Release|Any CPU
	EndGlobalSection
	GlobalSection(SolutionProperties) = preSolution
		HideSolutionNode = FALSE
	EndGlobalSection
	GlobalSection(ExtensibilityGlobals) = postSolution
		SolutionGuid = {72CB4602-57EC-4D8A-BB65-A515351C0C50}
	EndGlobalSection
EndGlobal
